PODS:
  - Alamofire (4.9.1)
  - SnapKit (4.2.0)

DEPENDENCIES:
  - Alamofire
  - SnapKit (= 4.2.0)

SPEC REPOS:
  trunk:
    - Alamofire
    - SnapKit

SPEC CHECKSUMS:
  Alamofire: 85e8a02c69d6020a0d734f6054870d7ecb75cf18
  SnapKit: fe8a619752f3f27075cc9a90244d75c6c3f27e2a

PODFILE CHECKSUM: 968ef7a19fcdf6c3c19eb4194df9b9b3b5f0289f

COCOAPODS: 1.11.2
