PODS:
  - ABC (0.1.4)
  - SnapKit (4.2.0)

DEPENDENCIES:
  - ABC
  - SnapKit

SPEC REPOS:
  http://gitlab.9tong.com/ios-group/HQPFoundation/hqpspecs.git:
    - ABC
  https://mirrors.tuna.tsinghua.edu.cn/git/CocoaPods/Specs.git:
    - SnapKit

SPEC CHECKSUMS:
  ABC: 517ec7e646a8223189d3bec60f5f8aa7c6848257
  SnapKit: fe8a619752f3f27075cc9a90244d75c6c3f27e2a

PODFILE CHECKSUM: 11ef010c155cbcc9ef82b2d9cc3b3b6f28e7a72c

COCOAPODS: 1.11.2
